// !$*UTF8*$!
{
	archiveVersion = 1;
	classes = {
	};
	objectVersion = 50;
	objects = {

/* Begin PBXBuildFile section */
		4EAB001C23AD861F005468B5 /* AppDelegate.swift in Sources */ = {isa = PBXBuildFile; fileRef = 4EAB001B23AD861F005468B5 /* AppDelegate.swift */; };
		4EAB001E23AD861F005468B5 /* SceneDelegate.swift in Sources */ = {isa = PBXBuildFile; fileRef = 4EAB001D23AD861F005468B5 /* SceneDelegate.swift */; };
		4EAB002023AD861F005468B5 /* ViewController.swift in Sources */ = {isa = PBXBuildFile; fileRef = 4EAB001F23AD861F005468B5 /* ViewController.swift */; };
		4EAB002323AD861F005468B5 /* Main.storyboard in Resources */ = {isa = PBXBuildFile; fileRef = 4EAB002123AD861F005468B5 /* Main.storyboard */; };
		4EAB002523AD861F005468B5 /* Assets.xcassets in Resources */ = {isa = PBXBuildFile; fileRef = 4EAB002423AD861F005468B5 /* Assets.xcassets */; };
		4EAB002823AD861F005468B5 /* LaunchScreen.storyboard in Resources */ = {isa = PBXBuildFile; fileRef = 4EAB002623AD861F005468B5 /* LaunchScreen.storyboard */; };
		4EAB003323AD8620005468B5 /* CasinoForGeniusTests.swift in Sources */ = {isa = PBXBuildFile; fileRef = 4EAB003223AD8620005468B5 /* CasinoForGeniusTests.swift */; };
/* End PBXBuildFile section */

/* Begin PBXContainerItemProxy section */
		4EAB002F23AD8620005468B5 /* PBXContainerItemProxy */ = {
			isa = PBXContainerItemProxy;
			containerPortal = 4EAB001023AD861F005468B5 /* Project object */;
			proxyType = 1;
			remoteGlobalIDString = 4EAB001723AD861F005468B5;
			remoteInfo = CasinoForGenius;
		};
/* End PBXContainerItemProxy section */

/* Begin PBXFileReference section */
		4EAB001823AD861F005468B5 /* CasinoForGenius.app */ = {isa = PBXFileReference; explicitFileType = wrapper.application; includeInIndex = 0; path = CasinoForGenius.app; sourceTree = BUILT_PRODUCTS_DIR; };
		4EAB001B23AD861F005468B5 /* AppDelegate.swift */ = {isa = PBXFileReference; lastKnownFileType = sourcecode.swift; path = AppDelegate.swift; sourceTree = "<group>"; };
		4EAB001D23AD861F005468B5 /* SceneDelegate.swift */ = {isa = PBXFileReference; lastKnownFileType = sourcecode.swift; path = SceneDelegate.swift; sourceTree = "<group>"; };
		4EAB001F23AD861F005468B5 /* ViewController.swift */ = {isa = PBXFileReference; lastKnownFileType = sourcecode.swift; path = ViewController.swift; sourceTree = "<group>"; };
		4EAB002223AD861F005468B5 /* Base */ = {isa = PBXFileReference; lastKnownFileType = file.storyboard; name = Base; path = Base.lproj/Main.storyboard; sourceTree = "<group>"; };
		4EAB002423AD861F005468B5 /* Assets.xcassets */ = {isa = PBXFileReference; lastKnownFileType = folder.assetcatalog; path = Assets.xcassets; sourceTree = "<group>"; };
		4EAB002723AD861F005468B5 /* Base */ = {isa = PBXFileReference; lastKnownFileType = file.storyboard; name = Base; path = Base.lproj/LaunchScreen.storyboard; sourceTree = "<group>"; };
		4EAB002923AD861F005468B5 /* Info.plist */ = {isa = PBXFileReference; lastKnownFileType = text.plist.xml; path = Info.plist; sourceTree = "<group>"; };
		4EAB002E23AD8620005468B5 /* CasinoForGeniusTests.xctest */ = {isa = PBXFileReference; explicitFileType = wrapper.cfbundle; includeInIndex = 0; path = CasinoForGeniusTests.xctest; sourceTree = BUILT_PRODUCTS_DIR; };
		4EAB003223AD8620005468B5 /* CasinoForGeniusTests.swift */ = {isa = PBXFileReference; lastKnownFileType = sourcecode.swift; path = CasinoForGeniusTests.swift; sourceTree = "<group>"; };
		4EAB003423AD8620005468B5 /* Info.plist */ = {isa = PBXFileReference; lastKnownFileType = text.plist.xml; path = Info.plist; sourceTree = "<group>"; };
/* End PBXFileReference section */

/* Begin PBXFrameworksBuildPhase section */
		4EAB001523AD861F005468B5 /* Frameworks */ = {
			isa = PBXFrameworksBuildPhase;
			buildActionMask = 2147483647;
			files = (
			);
			runOnlyForDeploymentPostprocessing = 0;
		};
		4EAB002B23AD8620005468B5 /* Frameworks */ = {
			isa = PBXFrameworksBuildPhase;
			buildActionMask = 2147483647;
			files = (
			);
			runOnlyForDeploymentPostprocessing = 0;
		};
/* End PBXFrameworksBuildPhase section */

/* Begin PBXGroup section */
		4EAB000F23AD861F005468B5 = {
			isa = PBXGroup;
			children = (
				4EAB001A23AD861F005468B5 /* CasinoForGenius */,
				4EAB003123AD8620005468B5 /* CasinoForGeniusTests */,
				4EAB001923AD861F005468B5 /* Products */,
			);
			sourceTree = "<group>";
		};
		4EAB001923AD861F005468B5 /* Products */ = {
			isa = PBXGroup;
			children = (
				4EAB001823AD861F005468B5 /* CasinoForGenius.app */,
				4EAB002E23AD8620005468B5 /* CasinoForGeniusTests.xctest */,
			);
			name = Products;
			sourceTree = "<group>";
		};
		4EAB001A23AD861F005468B5 /* CasinoForGenius */ = {
			isa = PBXGroup;
			children = (
				4EAB001B23AD861F005468B5 /* AppDelegate.swift */,
				4EAB001D23AD861F005468B5 /* SceneDelegate.swift */,
				4EAB001F23AD861F005468B5 /* ViewController.swift */,
				4EAB002123AD861F005468B5 /* Main.storyboard */,
				4EAB002423AD861F005468B5 /* Assets.xcassets */,
				4EAB002623AD861F005468B5 /* LaunchScreen.storyboard */,
				4EAB002923AD861F005468B5 /* Info.plist */,
			);
			path = CasinoForGenius;
			sourceTree = "<group>";
		};
		4EAB003123AD8620005468B5 /* CasinoForGeniusTests */ = {
			isa = PBXGroup;
			children = (
				4EAB003223AD8620005468B5 /* CasinoForGeniusTests.swift */,
				4EAB003423AD8620005468B5 /* Info.plist */,
			);
			path = CasinoForGeniusTests;
			sourceTree = "<group>";
		};
/* End PBXGroup section */

/* Begin PBXNativeTarget section */
		4EAB001723AD861F005468B5 /* CasinoForGenius */ = {
			isa = PBXNativeTarget;
			buildConfigurationList = 4EAB003723AD8620005468B5 /* Build configuration list for PBXNativeTarget "CasinoForGenius" */;
			buildPhases = (
				4EAB001423AD861F005468B5 /* Sources */,
				4EAB001523AD861F005468B5 /* Frameworks */,
				4EAB001623AD861F005468B5 /* Resources */,
			);
			buildRules = (
			);
			dependencies = (
			);
			name = CasinoForGenius;
			productName = CasinoForGenius;
			productReference = 4EAB001823AD861F005468B5 /* CasinoForGenius.app */;
			productType = "com.apple.product-type.application";
		};
		4EAB002D23AD8620005468B5 /* CasinoForGeniusTests */ = {
			isa = PBXNativeTarget;
			buildConfigurationList = 4EAB003A23AD8620005468B5 /* Build configuration list for PBXNativeTarget "CasinoForGeniusTests" */;
			buildPhases = (
				4EAB002A23AD8620005468B5 /* Sources */,
				4EAB002B23AD8620005468B5 /* Frameworks */,
				4EAB002C23AD8620005468B5 /* Resources */,
			);
			buildRules = (
			);
			dependencies = (
				4EAB003023AD8620005468B5 /* PBXTargetDependency */,
			);
			name = CasinoForGeniusTests;
			productName = CasinoForGeniusTests;
			productReference = 4EAB002E23AD8620005468B5 /* CasinoForGeniusTests.xctest */;
			productType = "com.apple.product-type.bundle.unit-test";
		};
/* End PBXNativeTarget section */

/* Begin PBXProject section */
		4EAB001023AD861F005468B5 /* Project object */ = {
			isa = PBXProject;
			attributes = {
				LastSwiftUpdateCheck = 1130;
				LastUpgradeCheck = 1130;
				ORGANIZATIONNAME = "Jian Ma";
				TargetAttributes = {
					4EAB001723AD861F005468B5 = {
						CreatedOnToolsVersion = 11.3;
					};
					4EAB002D23AD8620005468B5 = {
						CreatedOnToolsVersion = 11.3;
						TestTargetID = 4EAB001723AD861F005468B5;
					};
				};
			};
			buildConfigurationList = 4EAB001323AD861F005468B5 /* Build configuration list for PBXProject "CasinoForGenius" */;
			compatibilityVersion = "Xcode 9.3";
			developmentRegion = en;
			hasScannedForEncodings = 0;
			knownRegions = (
				en,
				Base,
			);
			mainGroup = 4EAB000F23AD861F005468B5;
			productRefGroup = 4EAB001923AD861F005468B5 /* Products */;
			projectDirPath = "";
			projectRoot = "";
			targets = (
				4EAB001723AD861F005468B5 /* CasinoForGenius */,
				4EAB002D23AD8620005468B5 /* CasinoForGeniusTests */,
			);
		};
/* End PBXProject section */

/* Begin PBXResourcesBuildPhase section */
		4EAB001623AD861F005468B5 /* Resources */ = {
			isa = PBXResourcesBuildPhase;
			buildActionMask = 2147483647;
			files = (
				4EAB002823AD861F005468B5 /* LaunchScreen.storyboard in Resources */,
				4EAB002523AD861F005468B5 /* Assets.xcassets in Resources */,
				4EAB002323AD861F005468B5 /* Main.storyboard in Resources */,
			);
			runOnlyForDeploymentPostprocessing = 0;
		};
		4EAB002C23AD8620005468B5 /* Resources */ = {
			isa = PBXResourcesBuildPhase;
			buildActionMask = 2147483647;
			files = (
			);
			runOnlyForDeploymentPostprocessing = 0;
		};
/* End PBXResourcesBuildPhase section */

/* Begin PBXSourcesBuildPhase section */
		4EAB001423AD861F005468B5 /* Sources */ = {
			isa = PBXSourcesBuildPhase;
			buildActionMask = 2147483647;
			files = (
				4EAB002023AD861F005468B5 /* ViewController.swift in Sources */,
				4EAB001C23AD861F005468B5 /* AppDelegate.swift in Sources */,
				4EAB001E23AD861F005468B5 /* SceneDelegate.swift in Sources */,
			);
			runOnlyForDeploymentPostprocessing = 0;
		};
		4EAB002A23AD8620005468B5 /* Sources */ = {
			isa = PBXSourcesBuildPhase;
			buildActionMask = 2147483647;
			files = (
				4EAB003323AD8620005468B5 /* CasinoForGeniusTests.swift in Sources */,
			);
			runOnlyForDeploymentPostprocessing = 0;
		};
/* End PBXSourcesBuildPhase section */

/* Begin PBXTargetDependency section */
		4EAB003023AD8620005468B5 /* PBXTargetDependency */ = {
			isa = PBXTargetDependency;
			target = 4EAB001723AD861F005468B5 /* CasinoForGenius */;
			targetProxy = 4EAB002F23AD8620005468B5 /* PBXContainerItemProxy */;
		};
/* End PBXTargetDependency section */

/* Begin PBXVariantGroup section */
		4EAB002123AD861F005468B5 /* Main.storyboard */ = {
			isa = PBXVariantGroup;
			children = (
				4EAB002223AD861F005468B5 /* Base */,
			);
			name = Main.storyboard;
			sourceTree = "<group>";
		};
		4EAB002623AD861F005468B5 /* LaunchScreen.storyboard */ = {
			isa = PBXVariantGroup;
			children = (
				4EAB002723AD861F005468B5 /* Base */,
			);
			name = LaunchScreen.storyboard;
			sourceTree = "<group>";
		};
/* End PBXVariantGroup section */

/* Begin XCBuildConfiguration section */
		4EAB003523AD8620005468B5 /* Debug */ = {
			isa = XCBuildConfiguration;
			buildSettings = {
				ALWAYS_SEARCH_USER_PATHS = NO;
				CLANG_ANALYZER_NONNULL = YES;
				CLANG_ANALYZER_NUMBER_OBJECT_CONVERSION = YES_AGGRESSIVE;
				CLANG_CXX_LANGUAGE_STANDARD = "gnu++14";
				CLANG_CXX_LIBRARY = "libc++";
				CLANG_ENABLE_MODULES = YES;
				CLANG_ENABLE_OBJC_ARC = YES;
				CLANG_ENABLE_OBJC_WEAK = YES;
				CLANG_WARN_BLOCK_CAPTURE_AUTORELEASING = YES;
				CLANG_WARN_BOOL_CONVERSION = YES;
				CLANG_WARN_COMMA = YES;
				CLANG_WARN_CONSTANT_CONVERSION = YES;
				CLANG_WARN_DEPRECATED_OBJC_IMPLEMENTATIONS = YES;
				CLANG_WARN_DIRECT_OBJC_ISA_USAGE = YES_ERROR;
				CLANG_WARN_DOCUMENTATION_COMMENTS = YES;
				CLANG_WARN_EMPTY_BODY = YES;
				CLANG_WARN_ENUM_CONVERSION = YES;
				CLANG_WARN_INFINITE_RECURSION = YES;
				CLANG_WARN_INT_CONVERSION = YES;
				CLANG_WARN_NON_LITERAL_NULL_CONVERSION = YES;
				CLANG_WARN_OBJC_IMPLICIT_RETAIN_SELF = YES;
				CLANG_WARN_OBJC_LITERAL_CONVERSION = YES;
				CLANG_WARN_OBJC_ROOT_CLASS = YES_ERROR;
				CLANG_WARN_RANGE_LOOP_ANALYSIS = YES;
				CLANG_WARN_STRICT_PROTOTYPES = YES;
				CLANG_WARN_SUSPICIOUS_MOVE = YES;
				CLANG_WARN_UNGUARDED_AVAILABILITY = YES_AGGRESSIVE;
				CLANG_WARN_UNREACHABLE_CODE = YES;
				CLANG_WARN__DUPLICATE_METHOD_MATCH = YES;
				COPY_PHASE_STRIP = NO;
				DEBUG_INFORMATION_FORMAT = dwarf;
				ENABLE_STRICT_OBJC_MSGSEND = YES;
				ENABLE_TESTABILITY = YES;
				GCC_C_LANGUAGE_STANDARD = gnu11;
				GCC_DYNAMIC_NO_PIC = NO;
				GCC_NO_COMMON_BLOCKS = YES;
				GCC_OPTIMIZATION_LEVEL = 0;
				GCC_PREPROCESSOR_DEFINITIONS = (
					"DEBUG=1",
					"$(inherited)",
				);
				GCC_WARN_64_TO_32_BIT_CONVERSION = YES;
				GCC_WARN_ABOUT_RETURN_TYPE = YES_ERROR;
				GCC_WARN_UNDECLARED_SELECTOR = YES;
				GCC_WARN_UNINITIALIZED_AUTOS = YES_AGGRESSIVE;
				GCC_WARN_UNUSED_FUNCTION = YES;
				GCC_WARN_UNUSED_VARIABLE = YES;
				IPHONEOS_DEPLOYMENT_TARGET = 13.2;
				MTL_ENABLE_DEBUG_INFO = INCLUDE_SOURCE;
				MTL_FAST_MATH = YES;
				ONLY_ACTIVE_ARCH = YES;
				SDKROOT = iphoneos;
				SWIFT_ACTIVE_COMPILATION_CONDITIONS = DEBUG;
				SWIFT_OPTIMIZATION_LEVEL = "-Onone";
			};
			name = Debug;
		};
		4EAB003623AD8620005468B5 /* Release */ = {
			isa = XCBuildConfiguration;
			buildSettings = {
				ALWAYS_SEARCH_USER_PATHS = NO;
				CLANG_ANALYZER_NONNULL = YES;
				CLANG_ANALYZER_NUMBER_OBJECT_CONVERSION = YES_AGGRESSIVE;
				CLANG_CXX_LANGUAGE_STANDARD = "gnu++14";
				CLANG_CXX_LIBRARY = "libc++";
				CLANG_ENABLE_MODULES = YES;
				CLANG_ENABLE_OBJC_ARC = YES;
				CLANG_ENABLE_OBJC_WEAK = YES;
				CLANG_WARN_BLOCK_CAPTURE_AUTORELEASING = YES;
				CLANG_WARN_BOOL_CONVERSION = YES;
				CLANG_WARN_COMMA = YES;
				CLANG_WARN_CONSTANT_CONVERSION = YES;
				CLANG_WARN_DEPRECATED_OBJC_IMPLEMENTATIONS = YES;
				CLANG_WARN_DIRECT_OBJC_ISA_USAGE = YES_ERROR;
				CLANG_WARN_DOCUMENTATION_COMMENTS = YES;
				CLANG_WARN_EMPTY_BODY = YES;
				CLANG_WARN_ENUM_CONVERSION = YES;
				CLANG_WARN_INFINITE_RECURSION = YES;
				CLANG_WARN_INT_CONVERSION = YES;
				CLANG_WARN_NON_LITERAL_NULL_CONVERSION = YES;
				CLANG_WARN_OBJC_IMPLICIT_RETAIN_SELF = YES;
				CLANG_WARN_OBJC_LITERAL_CONVERSION = YES;
				CLANG_WARN_OBJC_ROOT_CLASS = YES_ERROR;
				CLANG_WARN_RANGE_LOOP_ANALYSIS = YES;
				CLANG_WARN_STRICT_PROTOTYPES = YES;
				CLANG_WARN_SUSPICIOUS_MOVE = YES;
				CLANG_WARN_UNGUARDED_AVAILABILITY = YES_AGGRESSIVE;
				CLANG_WARN_UNREACHABLE_CODE = YES;
				CLANG_WARN__DUPLICATE_METHOD_MATCH = YES;
				COPY_PHASE_STRIP = NO;
				DEBUG_INFORMATION_FORMAT = "dwarf-with-dsym";
				ENABLE_NS_ASSERTIONS = NO;
				ENABLE_STRICT_OBJC_MSGSEND = YES;
				GCC_C_LANGUAGE_STANDARD = gnu11;
				GCC_NO_COMMON_BLOCKS = YES;
				GCC_WARN_64_TO_32_BIT_CONVERSION = YES;
				GCC_WARN_ABOUT_RETURN_TYPE = YES_ERROR;
				GCC_WARN_UNDECLARED_SELECTOR = YES;
				GCC_WARN_UNINITIALIZED_AUTOS = YES_AGGRESSIVE;
				GCC_WARN_UNUSED_FUNCTION = YES;
				GCC_WARN_UNUSED_VARIABLE = YES;
				IPHONEOS_DEPLOYMENT_TARGET = 13.2;
				MTL_ENABLE_DEBUG_INFO = NO;
				MTL_FAST_MATH = YES;
				SDKROOT = iphoneos;
				SWIFT_COMPILATION_MODE = wholemodule;
				SWIFT_OPTIMIZATION_LEVEL = "-O";
				VALIDATE_PRODUCT = YES;
			};
			name = Release;
		};
		4EAB003823AD8620005468B5 /* Debug */ = {
			isa = XCBuildConfiguration;
			buildSettings = {
				ASSETCATALOG_COMPILER_APPICON_NAME = AppIcon;
				CODE_SIGN_STYLE = Automatic;
				INFOPLIST_FILE = CasinoForGenius/Info.plist;
				LD_RUNPATH_SEARCH_PATHS = (
					"$(inherited)",
					"@executable_path/Frameworks",
				);
				PRODUCT_BUNDLE_IDENTIFIER = "Jian-s-Solo-Adventure.CasinoForGenius";
				PRODUCT_NAME = "$(TARGET_NAME)";
				SWIFT_VERSION = 5.0;
				TARGETED_DEVICE_FAMILY = "1,2";
			};
			name = Debug;
		};
		4EAB003923AD8620005468B5 /* Release */ = {
			isa = XCBuildConfiguration;
			buildSettings = {
				ASSETCATALOG_COMPILER_APPICON_NAME = AppIcon;
				CODE_SIGN_STYLE = Automatic;
				INFOPLIST_FILE = CasinoForGenius/Info.plist;
				LD_RUNPATH_SEARCH_PATHS = (
					"$(inherited)",
					"@executable_path/Frameworks",
				);
				PRODUCT_BUNDLE_IDENTIFIER = "Jian-s-Solo-Adventure.CasinoForGenius";
				PRODUCT_NAME = "$(TARGET_NAME)";
				SWIFT_VERSION = 5.0;
				TARGETED_DEVICE_FAMILY = "1,2";
			};
			name = Release;
		};
		4EAB003B23AD8620005468B5 /* Debug */ = {
			isa = XCBuildConfiguration;
			buildSettings = {
				ALWAYS_EMBED_SWIFT_STANDARD_LIBRARIES = YES;
				BUNDLE_LOADER = "$(TEST_HOST)";
				CODE_SIGN_STYLE = Automatic;
				INFOPLIST_FILE = CasinoForGeniusTests/Info.plist;
				IPHONEOS_DEPLOYMENT_TARGET = 13.2;
				LD_RUNPATH_SEARCH_PATHS = (
					"$(inherited)",
					"@executable_path/Frameworks",
					"@loader_path/Frameworks",
				);
				PRODUCT_BUNDLE_IDENTIFIER = "Jian-s-Solo-Adventure.CasinoForGeniusTests";
				PRODUCT_NAME = "$(TARGET_NAME)";
				SWIFT_VERSION = 5.0;
				TARGETED_DEVICE_FAMILY = "1,2";
				TEST_HOST = "$(BUILT_PRODUCTS_DIR)/CasinoForGenius.app/CasinoForGenius";
			};
			name = Debug;
		};
		4EAB003C23AD8620005468B5 /* Release */ = {
			isa = XCBuildConfiguration;
			buildSettings = {
				ALWAYS_EMBED_SWIFT_STANDARD_LIBRARIES = YES;
				BUNDLE_LOADER = "$(TEST_HOST)";
				CODE_SIGN_STYLE = Automatic;
				INFOPLIST_FILE = CasinoForGeniusTests/Info.plist;
				IPHONEOS_DEPLOYMENT_TARGET = 13.2;
				LD_RUNPATH_SEARCH_PATHS = (
					"$(inherited)",
					"@executable_path/Frameworks",
					"@loader_path/Frameworks",
				);
				PRODUCT_BUNDLE_IDENTIFIER = "Jian-s-Solo-Adventure.CasinoForGeniusTests";
				PRODUCT_NAME = "$(TARGET_NAME)";
				SWIFT_VERSION = 5.0;
				TARGETED_DEVICE_FAMILY = "1,2";
				TEST_HOST = "$(BUILT_PRODUCTS_DIR)/CasinoForGenius.app/CasinoForGenius";
			};
			name = Release;
		};
/* End XCBuildConfiguration section */

/* Begin XCConfigurationList section */
		4EAB001323AD861F005468B5 /* Build configuration list for PBXProject "CasinoForGenius" */ = {
			isa = XCConfigurationList;
			buildConfigurations = (
				4EAB003523AD8620005468B5 /* Debug */,
				4EAB003623AD8620005468B5 /* Release */,
			);
			defaultConfigurationIsVisible = 0;
			defaultConfigurationName = Release;
		};
		4EAB003723AD8620005468B5 /* Build configuration list for PBXNativeTarget "CasinoForGenius" */ = {
			isa = XCConfigurationList;
			buildConfigurations = (
				4EAB003823AD8620005468B5 /* Debug */,
				4EAB003923AD8620005468B5 /* Release */,
			);
			defaultConfigurationIsVisible = 0;
			defaultConfigurationName = Release;
		};
		4EAB003A23AD8620005468B5 /* Build configuration list for PBXNativeTarget "CasinoForGeniusTests" */ = {
			isa = XCConfigurationList;
			buildConfigurations = (
				4EAB003B23AD8620005468B5 /* Debug */,
				4EAB003C23AD8620005468B5 /* Release */,
			);
			defaultConfigurationIsVisible = 0;
			defaultConfigurationName = Release;
		};
/* End XCConfigurationList section */
	};
	rootObject = 4EAB001023AD861F005468B5 /* Project object */;
}
